
Microsoft Visual Studio Solution File, Format Version 12.00
Project("{FAE04EC0-301F-11D3-BF4B-00C04F79EFBC}") = "TheDietGuide.Web", "TheDietGuide.Web\TheDietGuide.Web.csproj", "{A776631A-F7F7-4CD8-8CAF-196E6FF2605E}"
EndProject
Project("{FAE04EC0-301F-11D3-BF4B-00C04F79EFBC}") = "TheDietGuide.Database", "TheDietGuide.Database\TheDietGuide.Database.csproj", "{798A429E-69FD-4E69-B37B-AC37F7215FF6}"
EndProject
Project("{FAE04EC0-301F-11D3-BF4B-00C04F79EFBC}") = "TheDietGuide.ThirdParty", "TheDietGuide.ThirdParty\TheDietGuide.ThirdParty.csproj", "{CA32A720-AB50-4C7A-A5C3-C2BB01297722}"
EndProject
Global
	GlobalSection(SolutionConfigurationPlatforms) = preSolution
		Debug|Any CPU = Debug|Any CPU
		Release|Any CPU = Release|Any CPU
	EndGlobalSection
	GlobalSection(ProjectConfigurationPlatforms) = postSolution
		{A776631A-F7F7-4CD8-8CAF-196E6FF2605E}.Debug|Any CPU.ActiveCfg = Debug|Any CPU
		{A776631A-F7F7-4CD8-8CAF-196E6FF2605E}.Debug|Any CPU.Build.0 = Debug|Any CPU
		{A776631A-F7F7-4CD8-8CAF-196E6FF2605E}.Release|Any CPU.ActiveCfg = Release|Any CPU
		{A776631A-F7F7-4CD8-8CAF-196E6FF2605E}.Release|Any CPU.Build.0 = Release|Any CPU
		{798A429E-69FD-4E69-B37B-AC37F7215FF6}.Debug|Any CPU.ActiveCfg = Debug|Any CPU
		{798A429E-69FD-4E69-B37B-AC37F7215FF6}.Debug|Any CPU.Build.0 = Debug|Any CPU
		{798A429E-69FD-4E69-B37B-AC37F7215FF6}.Release|Any CPU.ActiveCfg = Release|Any CPU
		{798A429E-69FD-4E69-B37B-AC37F7215FF6}.Release|Any CPU.Build.0 = Release|Any CPU
		{CA32A720-AB50-4C7A-A5C3-C2BB01297722}.Debug|Any CPU.ActiveCfg = Debug|Any CPU
		{CA32A720-AB50-4C7A-A5C3-C2BB01297722}.Debug|Any CPU.Build.0 = Debug|Any CPU
		{CA32A720-AB50-4C7A-A5C3-C2BB01297722}.Release|Any CPU.ActiveCfg = Release|Any CPU
		{CA32A720-AB50-4C7A-A5C3-C2BB01297722}.Release|Any CPU.Build.0 = Release|Any CPU
	EndGlobalSection
EndGlobal
